
Microsoft Visual Studio Solution File, Format Version 12.00
# Visual Studio Version 17
VisualStudioVersion = 17.0.31903.59
MinimumVisualStudioVersion = 10.0.40219.1
Project("{9A19103F-16F7-4668-BE54-9A1E7A4F7556}") = "WebApi", "WebApi\WebApi.csproj", "{C8EAAF23-FC4D-4EB8-AA67-6AB6CC154F9A}"
EndProject
Project("{9A19103F-16F7-4668-BE54-9A1E7A4F7556}") = "Core", "Core\Core.csproj", "{A35B864C-13BD-4599-A52F-E9F541B4BAB4}"
EndProject
Project("{2150E333-8FDC-42A3-9474-1A3956D46DE8}") = "Tests", "Tests", "{CB7037B8-3312-4AE8-ACE6-734F6A2BD8B1}"
EndProject
Project("{9A19103F-16F7-4668-BE54-9A1E7A4F7556}") = "Core.UnitTests", "Core.UnitTests\Core.UnitTests.csproj", "{4CE490DD-E9AE-4448-9543-3207FEFFEF81}"
EndProject
Project("{FAE04EC0-301F-11D3-BF4B-00C04F79EFBC}") = "Function", "Function\Function.csproj", "{62F403EF-4C58-4F49-A1EF-207EE20BA6DF}"
EndProject
Global
	GlobalSection(SolutionConfigurationPlatforms) = preSolution
		Debug|Any CPU = Debug|Any CPU
		Release|Any CPU = Release|Any CPU
	EndGlobalSection
	GlobalSection(ProjectConfigurationPlatforms) = postSolution
		{C8EAAF23-FC4D-4EB8-AA67-6AB6CC154F9A}.Debug|Any CPU.ActiveCfg = Debug|Any CPU
		{C8EAAF23-FC4D-4EB8-AA67-6AB6CC154F9A}.Debug|Any CPU.Build.0 = Debug|Any CPU
		{C8EAAF23-FC4D-4EB8-AA67-6AB6CC154F9A}.Release|Any CPU.ActiveCfg = Release|Any CPU
		{C8EAAF23-FC4D-4EB8-AA67-6AB6CC154F9A}.Release|Any CPU.Build.0 = Release|Any CPU
		{A35B864C-13BD-4599-A52F-E9F541B4BAB4}.Debug|Any CPU.ActiveCfg = Debug|Any CPU
		{A35B864C-13BD-4599-A52F-E9F541B4BAB4}.Debug|Any CPU.Build.0 = Debug|Any CPU
		{A35B864C-13BD-4599-A52F-E9F541B4BAB4}.Release|Any CPU.ActiveCfg = Release|Any CPU
		{A35B864C-13BD-4599-A52F-E9F541B4BAB4}.Release|Any CPU.Build.0 = Release|Any CPU
		{4CE490DD-E9AE-4448-9543-3207FEFFEF81}.Debug|Any CPU.ActiveCfg = Debug|Any CPU
		{4CE490DD-E9AE-4448-9543-3207FEFFEF81}.Debug|Any CPU.Build.0 = Debug|Any CPU
		{4CE490DD-E9AE-4448-9543-3207FEFFEF81}.Release|Any CPU.ActiveCfg = Release|Any CPU
		{4CE490DD-E9AE-4448-9543-3207FEFFEF81}.Release|Any CPU.Build.0 = Release|Any CPU
		{62F403EF-4C58-4F49-A1EF-207EE20BA6DF}.Debug|Any CPU.ActiveCfg = Debug|Any CPU
		{62F403EF-4C58-4F49-A1EF-207EE20BA6DF}.Debug|Any CPU.Build.0 = Debug|Any CPU
		{62F403EF-4C58-4F49-A1EF-207EE20BA6DF}.Release|Any CPU.ActiveCfg = Release|Any CPU
		{62F403EF-4C58-4F49-A1EF-207EE20BA6DF}.Release|Any CPU.Build.0 = Release|Any CPU
	EndGlobalSection
	GlobalSection(SolutionProperties) = preSolution
		HideSolutionNode = FALSE
	EndGlobalSection
	GlobalSection(NestedProjects) = preSolution
		{4CE490DD-E9AE-4448-9543-3207FEFFEF81} = {CB7037B8-3312-4AE8-ACE6-734F6A2BD8B1}
	EndGlobalSection
	GlobalSection(ExtensibilityGlobals) = postSolution
		SolutionGuid = {010219E7-6019-4AB1-92D6-4DF92B8D1639}
	EndGlobalSection
EndGlobal
